
Microsoft Visual Studio Solution File, Format Version 12.00
# Visual Studio Version 17
VisualStudioVersion = 17.2.32630.192
MinimumVisualStudioVersion = 10.0.40219.1
Project("{9A19103F-16F7-4668-BE54-9A1E7A4F7556}") = "UserService", "UserService\UserService.csproj", "{6BDA12E1-6245-4DB5-93C8-2B45CDCC5860}"
EndProject
Project("{9A19103F-16F7-4668-BE54-9A1E7A4F7556}") = "UserService.Service", "UserService.Application\UserService.Service.csproj", "{B294DFE1-BE94-4947-8D34-A880EABEC712}"
EndProject
Project("{9A19103F-16F7-4668-BE54-9A1E7A4F7556}") = "UserService.Domain", "UserService.Domain\UserService.Domain.csproj", "{0663C85F-4C09-474F-ABE1-545334B4C48E}"
EndProject
Project("{9A19103F-16F7-4668-BE54-9A1E7A4F7556}") = "UserService.Infrastructure", "UserService.Infrastructure\UserService.Infrastructure.csproj", "{D15F83DD-12A6-4A56-89AB-C1786C20D9D2}"
EndProject
Project("{E53339B2-1760-4266-BCC7-CA923CBCF16C}") = "docker-compose", "docker-compose.dcproj", "{6DFAE6E5-99C1-4D0A-9CD8-723E4AC04B5B}"
EndProject
Global
	GlobalSection(SolutionConfigurationPlatforms) = preSolution
		Debug|Any CPU = Debug|Any CPU
		Release|Any CPU = Release|Any CPU
	EndGlobalSection
	GlobalSection(ProjectConfigurationPlatforms) = postSolution
		{6BDA12E1-6245-4DB5-93C8-2B45CDCC5860}.Debug|Any CPU.ActiveCfg = Debug|Any CPU
		{6BDA12E1-6245-4DB5-93C8-2B45CDCC5860}.Debug|Any CPU.Build.0 = Debug|Any CPU
		{6BDA12E1-6245-4DB5-93C8-2B45CDCC5860}.Release|Any CPU.ActiveCfg = Release|Any CPU
		{6BDA12E1-6245-4DB5-93C8-2B45CDCC5860}.Release|Any CPU.Build.0 = Release|Any CPU
		{B294DFE1-BE94-4947-8D34-A880EABEC712}.Debug|Any CPU.ActiveCfg = Debug|Any CPU
		{B294DFE1-BE94-4947-8D34-A880EABEC712}.Debug|Any CPU.Build.0 = Debug|Any CPU
		{B294DFE1-BE94-4947-8D34-A880EABEC712}.Release|Any CPU.ActiveCfg = Release|Any CPU
		{B294DFE1-BE94-4947-8D34-A880EABEC712}.Release|Any CPU.Build.0 = Release|Any CPU
		{0663C85F-4C09-474F-ABE1-545334B4C48E}.Debug|Any CPU.ActiveCfg = Debug|Any CPU
		{0663C85F-4C09-474F-ABE1-545334B4C48E}.Debug|Any CPU.Build.0 = Debug|Any CPU
		{0663C85F-4C09-474F-ABE1-545334B4C48E}.Release|Any CPU.ActiveCfg = Release|Any CPU
		{0663C85F-4C09-474F-ABE1-545334B4C48E}.Release|Any CPU.Build.0 = Release|Any CPU
		{D15F83DD-12A6-4A56-89AB-C1786C20D9D2}.Debug|Any CPU.ActiveCfg = Debug|Any CPU
		{D15F83DD-12A6-4A56-89AB-C1786C20D9D2}.Debug|Any CPU.Build.0 = Debug|Any CPU
		{D15F83DD-12A6-4A56-89AB-C1786C20D9D2}.Release|Any CPU.ActiveCfg = Release|Any CPU
		{D15F83DD-12A6-4A56-89AB-C1786C20D9D2}.Release|Any CPU.Build.0 = Release|Any CPU
		{6DFAE6E5-99C1-4D0A-9CD8-723E4AC04B5B}.Debug|Any CPU.ActiveCfg = Debug|Any CPU
		{6DFAE6E5-99C1-4D0A-9CD8-723E4AC04B5B}.Debug|Any CPU.Build.0 = Debug|Any CPU
		{6DFAE6E5-99C1-4D0A-9CD8-723E4AC04B5B}.Release|Any CPU.ActiveCfg = Release|Any CPU
		{6DFAE6E5-99C1-4D0A-9CD8-723E4AC04B5B}.Release|Any CPU.Build.0 = Release|Any CPU
	EndGlobalSection
	GlobalSection(SolutionProperties) = preSolution
		HideSolutionNode = FALSE
	EndGlobalSection
	GlobalSection(ExtensibilityGlobals) = postSolution
		SolutionGuid = {B63BE7D8-31A6-4C16-9E92-CB55F13D61D0}
	EndGlobalSection
EndGlobal
